lockfileVersion: '9.0'

settings:
  autoInstallPeers: true
  excludeLinksFromLockfile: false

importers:

  .:
    dependencies:
      '@vueuse/core':
        specifier: ^10.9.0
        version: 10.9.0(vue@3.4.25)
      pinia:
        specifier: ^2.1.7
        version: 2.1.7(vue@3.4.25)
      pinia-plugin-persistedstate:
        specifier: ^3.2.1
        version: 3.2.1(pinia@2.1.7(vue@3.4.25))
      vue:
        specifier: ^3.4.21
        version: 3.4.25
    devDependencies:
      '@vitejs/plugin-vue':
        specifier: ^5.0.4
        version: 5.0.4(vite@5.2.10(sass@1.75.0))(vue@3.4.25)
      naive-ui:
        specifier: ^2.38.1
        version: 2.38.1(vue@3.4.25)
      sass:
        specifier: ^1.75.0
        version: 1.75.0
      vite:
        specifier: ^5.2.0
        version: 5.2.10(sass@1.75.0)

packages:

  '@babel/helper-string-parser@7.24.1':
    resolution: {integrity: sha512-2ofRCjnnA9y+wk8b9IAREroeUP02KHp431N2mhKniy2yKIDKpbrHv9eXwm8cBeWQYcJmzv5qKCu65P47eCF7CQ==}
    engines: {node: '>=6.9.0'}

  '@babel/helper-validator-identifier@7.22.20':
    resolution: {integrity: sha512-Y4OZ+ytlatR8AI+8KZfKuL5urKp7qey08ha31L8b3BwewJAoJamTzyvxPR/5D+KkdJCGPq/+8TukHBlY10FX9A==}
    engines: {node: '>=6.9.0'}

  '@babel/parser@7.24.4':
    resolution: {integrity: sha512-zTvEBcghmeBma9QIGunWevvBAp4/Qu9Bdq+2k0Ot4fVMD6v3dsC9WOcRSKk7tRRyBM/53yKMJko9xOatGQAwSg==}
    engines: {node: '>=6.0.0'}
    hasBin: true

  '@babel/runtime@7.24.4':
    resolution: {integrity: sha512-dkxf7+hn8mFBwKjs9bvBlArzLVxVbS8usaPUDd5p2a9JCL9tB8OaOVN1isD4+Xyk4ns89/xeOmbQvgdK7IIVdA==}
    engines: {node: '>=6.9.0'}

  '@babel/types@7.24.0':
    resolution: {integrity: sha512-+j7a5c253RfKh8iABBhywc8NSfP5LURe7Uh4qpsh6jc+aLJguvmIUBdjSdEMQv2bENrCR5MfRdjGo7vzS/ob7w==}
    engines: {node: '>=6.9.0'}

  '@css-render/plugin-bem@0.15.12':
    resolution: {integrity: sha512-Lq2jSOZn+wYQtsyaFj6QRz2EzAnd3iW5fZeHO1WSXQdVYwvwGX0ZiH3X2JQgtgYLT1yeGtrwrqJdNdMEUD2xTw==}
    peerDependencies:
      css-render: ~0.15.12

  '@css-render/vue3-ssr@0.15.12':
    resolution: {integrity: sha512-AQLGhhaE0F+rwybRCkKUdzBdTEM/5PZBYy+fSYe1T9z9+yxMuV/k7ZRqa4M69X+EI1W8pa4kc9Iq2VjQkZx4rg==}
    peerDependencies:
      vue: ^3.0.11

  '@emotion/hash@0.8.0':
    resolution: {integrity: sha512-kBJtf7PH6aWwZ6fka3zQ0p6SBYzx4fl1LoZXE2RrnYST9Xljm7WfKJrU4g/Xr3Beg72MLrp1AWNUmuYJTL7Cow==}

  '@esbuild/aix-ppc64@0.20.2':
    resolution: {integrity: sha512-D+EBOJHXdNZcLJRBkhENNG8Wji2kgc9AZ9KiPr1JuZjsNtyHzrsfLRrY0tk2H2aoFu6RANO1y1iPPUCDYWkb5g==}
    engines: {node: '>=12'}
    cpu: [ppc64]
    os: [aix]

  '@esbuild/android-arm64@0.20.2':
    resolution: {integrity: sha512-mRzjLacRtl/tWU0SvD8lUEwb61yP9cqQo6noDZP/O8VkwafSYwZ4yWy24kan8jE/IMERpYncRt2dw438LP3Xmg==}
    engines: {node: '>=12'}
    cpu: [arm64]
    os: [android]

  '@esbuild/android-arm@0.20.2':
    resolution: {integrity: sha512-t98Ra6pw2VaDhqNWO2Oph2LXbz/EJcnLmKLGBJwEwXX/JAN83Fym1rU8l0JUWK6HkIbWONCSSatf4sf2NBRx/w==}
    engines: {node: '>=12'}
    cpu: [arm]
    os: [android]

  '@esbuild/android-x64@0.20.2':
    resolution: {integrity: sha512-btzExgV+/lMGDDa194CcUQm53ncxzeBrWJcncOBxuC6ndBkKxnHdFJn86mCIgTELsooUmwUm9FkhSp5HYu00Rg==}
    engines: {node: '>=12'}
    cpu: [x64]
    os: [android]

  '@esbuild/darwin-arm64@0.20.2':
    resolution: {integrity: sha512-4J6IRT+10J3aJH3l1yzEg9y3wkTDgDk7TSDFX+wKFiWjqWp/iCfLIYzGyasx9l0SAFPT1HwSCR+0w/h1ES/MjA==}
    engines: {node: '>=12'}
    cpu: [arm64]
    os: [darwin]

  '@esbuild/darwin-x64@0.20.2':
    resolution: {integrity: sha512-tBcXp9KNphnNH0dfhv8KYkZhjc+H3XBkF5DKtswJblV7KlT9EI2+jeA8DgBjp908WEuYll6pF+UStUCfEpdysA==}
    engines: {node: '>=12'}
    cpu: [x64]
    os: [darwin]

  '@esbuild/freebsd-arm64@0.20.2':
    resolution: {integrity: sha512-d3qI41G4SuLiCGCFGUrKsSeTXyWG6yem1KcGZVS+3FYlYhtNoNgYrWcvkOoaqMhwXSMrZRl69ArHsGJ9mYdbbw==}
    engines: {node: '>=12'}
    cpu: [arm64]
    os: [freebsd]

  '@esbuild/freebsd-x64@0.20.2':
    resolution: {integrity: sha512-d+DipyvHRuqEeM5zDivKV1KuXn9WeRX6vqSqIDgwIfPQtwMP4jaDsQsDncjTDDsExT4lR/91OLjRo8bmC1e+Cw==}
    engines: {node: '>=12'}
    cpu: [x64]
    os: [freebsd]

  '@esbuild/linux-arm64@0.20.2':
    resolution: {integrity: sha512-9pb6rBjGvTFNira2FLIWqDk/uaf42sSyLE8j1rnUpuzsODBq7FvpwHYZxQ/It/8b+QOS1RYfqgGFNLRI+qlq2A==}
    engines: {node: '>=12'}
    cpu: [arm64]
    os: [linux]

  '@esbuild/linux-arm@0.20.2':
    resolution: {integrity: sha512-VhLPeR8HTMPccbuWWcEUD1Az68TqaTYyj6nfE4QByZIQEQVWBB8vup8PpR7y1QHL3CpcF6xd5WVBU/+SBEvGTg==}
    engines: {node: '>=12'}
    cpu: [arm]
    os: [linux]

  '@esbuild/linux-ia32@0.20.2':
    resolution: {integrity: sha512-o10utieEkNPFDZFQm9CoP7Tvb33UutoJqg3qKf1PWVeeJhJw0Q347PxMvBgVVFgouYLGIhFYG0UGdBumROyiig==}
    engines: {node: '>=12'}
    cpu: [ia32]
    os: [linux]

  '@esbuild/linux-loong64@0.20.2':
    resolution: {integrity: sha512-PR7sp6R/UC4CFVomVINKJ80pMFlfDfMQMYynX7t1tNTeivQ6XdX5r2XovMmha/VjR1YN/HgHWsVcTRIMkymrgQ==}
    engines: {node: '>=12'}
    cpu: [loong64]
    os: [linux]

  '@esbuild/linux-mips64el@0.20.2':
    resolution: {integrity: sha512-4BlTqeutE/KnOiTG5Y6Sb/Hw6hsBOZapOVF6njAESHInhlQAghVVZL1ZpIctBOoTFbQyGW+LsVYZ8lSSB3wkjA==}
    engines: {node: '>=12'}
    cpu: [mips64el]
    os: [linux]

  '@esbuild/linux-ppc64@0.20.2':
    resolution: {integrity: sha512-rD3KsaDprDcfajSKdn25ooz5J5/fWBylaaXkuotBDGnMnDP1Uv5DLAN/45qfnf3JDYyJv/ytGHQaziHUdyzaAg==}
    engines: {node: '>=12'}
    cpu: [ppc64]
    os: [linux]

  '@esbuild/linux-riscv64@0.20.2':
    resolution: {integrity: sha512-snwmBKacKmwTMmhLlz/3aH1Q9T8v45bKYGE3j26TsaOVtjIag4wLfWSiZykXzXuE1kbCE+zJRmwp+ZbIHinnVg==}
    engines: {node: '>=12'}
    cpu: [riscv64]
    os: [linux]

  '@esbuild/linux-s390x@0.20.2':
    resolution: {integrity: sha512-wcWISOobRWNm3cezm5HOZcYz1sKoHLd8VL1dl309DiixxVFoFe/o8HnwuIwn6sXre88Nwj+VwZUvJf4AFxkyrQ==}
    engines: {node: '>=12'}
    cpu: [s390x]
    os: [linux]

  '@esbuild/linux-x64@0.20.2':
    resolution: {integrity: sha512-1MdwI6OOTsfQfek8sLwgyjOXAu+wKhLEoaOLTjbijk6E2WONYpH9ZU2mNtR+lZ2B4uwr+usqGuVfFT9tMtGvGw==}
    engines: {node: '>=12'}
    cpu: [x64]
    os: [linux]

  '@esbuild/netbsd-x64@0.20.2':
    resolution: {integrity: sha512-K8/DhBxcVQkzYc43yJXDSyjlFeHQJBiowJ0uVL6Tor3jGQfSGHNNJcWxNbOI8v5k82prYqzPuwkzHt3J1T1iZQ==}
    engines: {node: '>=12'}
    cpu: [x64]
    os: [netbsd]

  '@esbuild/openbsd-x64@0.20.2':
    resolution: {integrity: sha512-eMpKlV0SThJmmJgiVyN9jTPJ2VBPquf6Kt/nAoo6DgHAoN57K15ZghiHaMvqjCye/uU4X5u3YSMgVBI1h3vKrQ==}
    engines: {node: '>=12'}
    cpu: [x64]
    os: [openbsd]

  '@esbuild/sunos-x64@0.20.2':
    resolution: {integrity: sha512-2UyFtRC6cXLyejf/YEld4Hajo7UHILetzE1vsRcGL3earZEW77JxrFjH4Ez2qaTiEfMgAXxfAZCm1fvM/G/o8w==}
    engines: {node: '>=12'}
    cpu: [x64]
    os: [sunos]

  '@esbuild/win32-arm64@0.20.2':
    resolution: {integrity: sha512-GRibxoawM9ZCnDxnP3usoUDO9vUkpAxIIZ6GQI+IlVmr5kP3zUq+l17xELTHMWTWzjxa2guPNyrpq1GWmPvcGQ==}
    engines: {node: '>=12'}
    cpu: [arm64]
    os: [win32]

  '@esbuild/win32-ia32@0.20.2':
    resolution: {integrity: sha512-HfLOfn9YWmkSKRQqovpnITazdtquEW8/SoHW7pWpuEeguaZI4QnCRW6b+oZTztdBnZOS2hqJ6im/D5cPzBTTlQ==}
    engines: {node: '>=12'}
    cpu: [ia32]
    os: [win32]

  '@esbuild/win32-x64@0.20.2':
    resolution: {integrity: sha512-N49X4lJX27+l9jbLKSqZ6bKNjzQvHaT8IIFUy+YIqmXQdjYCToGWwOItDrfby14c78aDd5NHQl29xingXfCdLQ==}
    engines: {node: '>=12'}
    cpu: [x64]
    os: [win32]

  '@jridgewell/sourcemap-codec@1.4.15':
    resolution: {integrity: sha512-eF2rxCRulEKXHTRiDrDy6erMYWqNw4LPdQ8UQA4huuxaQsVeRPFl2oM8oDGxMFhJUWZf9McpLtJasDDZb/Bpeg==}

  '@juggle/resize-observer@3.4.0':
    resolution: {integrity: sha512-dfLbk+PwWvFzSxwk3n5ySL0hfBog779o8h68wK/7/APo/7cgyWp5jcXockbxdk5kFRkbeXWm4Fbi9FrdN381sA==}

  '@rollup/rollup-android-arm-eabi@4.16.4':
    resolution: {integrity: sha512-GkhjAaQ8oUTOKE4g4gsZ0u8K/IHU1+2WQSgS1TwTcYvL+sjbaQjNHFXbOJ6kgqGHIO1DfUhI/Sphi9GkRT9K+Q==}
    cpu: [arm]
    os: [android]

  '@rollup/rollup-android-arm64@4.16.4':
    resolution: {integrity: sha512-Bvm6D+NPbGMQOcxvS1zUl8H7DWlywSXsphAeOnVeiZLQ+0J6Is8T7SrjGTH29KtYkiY9vld8ZnpV3G2EPbom+w==}
    cpu: [arm64]
    os: [android]

  '@rollup/rollup-darwin-arm64@4.16.4':
    resolution: {integrity: sha512-i5d64MlnYBO9EkCOGe5vPR/EeDwjnKOGGdd7zKFhU5y8haKhQZTN2DgVtpODDMxUr4t2K90wTUJg7ilgND6bXw==}
    cpu: [arm64]
    os: [darwin]

  '@rollup/rollup-darwin-x64@4.16.4':
    resolution: {integrity: sha512-WZupV1+CdUYehaZqjaFTClJI72fjJEgTXdf4NbW69I9XyvdmztUExBtcI2yIIU6hJtYvtwS6pkTkHJz+k08mAQ==}
    cpu: [x64]
    os: [darwin]

  '@rollup/rollup-linux-arm-gnueabihf@4.16.4':
    resolution: {integrity: sha512-ADm/xt86JUnmAfA9mBqFcRp//RVRt1ohGOYF6yL+IFCYqOBNwy5lbEK05xTsEoJq+/tJzg8ICUtS82WinJRuIw==}
    cpu: [arm]
    os: [linux]

  '@rollup/rollup-linux-arm-musleabihf@4.16.4':
    resolution: {integrity: sha512-tJfJaXPiFAG+Jn3cutp7mCs1ePltuAgRqdDZrzb1aeE3TktWWJ+g7xK9SNlaSUFw6IU4QgOxAY4rA+wZUT5Wfg==}
    cpu: [arm]
    os: [linux]

  '@rollup/rollup-linux-arm64-gnu@4.16.4':
    resolution: {integrity: sha512-7dy1BzQkgYlUTapDTvK997cgi0Orh5Iu7JlZVBy1MBURk7/HSbHkzRnXZa19ozy+wwD8/SlpJnOOckuNZtJR9w==}
    cpu: [arm64]
    os: [linux]

  '@rollup/rollup-linux-arm64-musl@4.16.4':
    resolution: {integrity: sha512-zsFwdUw5XLD1gQe0aoU2HVceI6NEW7q7m05wA46eUAyrkeNYExObfRFQcvA6zw8lfRc5BHtan3tBpo+kqEOxmg==}
    cpu: [arm64]
    os: [linux]

  '@rollup/rollup-linux-powerpc64le-gnu@4.16.4':
    resolution: {integrity: sha512-p8C3NnxXooRdNrdv6dBmRTddEapfESEUflpICDNKXpHvTjRRq1J82CbU5G3XfebIZyI3B0s074JHMWD36qOW6w==}
    cpu: [ppc64]
    os: [linux]

  '@rollup/rollup-linux-riscv64-gnu@4.16.4':
    resolution: {integrity: sha512-Lh/8ckoar4s4Id2foY7jNgitTOUQczwMWNYi+Mjt0eQ9LKhr6sK477REqQkmy8YHY3Ca3A2JJVdXnfb3Rrwkng==}
    cpu: [riscv64]
    os: [linux]

  '@rollup/rollup-linux-s390x-gnu@4.16.4':
    resolution: {integrity: sha512-1xwwn9ZCQYuqGmulGsTZoKrrn0z2fAur2ujE60QgyDpHmBbXbxLaQiEvzJWDrscRq43c8DnuHx3QorhMTZgisQ==}
    cpu: [s390x]
    os: [linux]

  '@rollup/rollup-linux-x64-gnu@4.16.4':
    resolution: {integrity: sha512-LuOGGKAJ7dfRtxVnO1i3qWc6N9sh0Em/8aZ3CezixSTM+E9Oq3OvTsvC4sm6wWjzpsIlOCnZjdluINKESflJLA==}
    cpu: [x64]
    os: [linux]

  '@rollup/rollup-linux-x64-musl@4.16.4':
    resolution: {integrity: sha512-ch86i7KkJKkLybDP2AtySFTRi5fM3KXp0PnHocHuJMdZwu7BuyIKi35BE9guMlmTpwwBTB3ljHj9IQXnTCD0vA==}
    cpu: [x64]
    os: [linux]

  '@rollup/rollup-win32-arm64-msvc@4.16.4':
    resolution: {integrity: sha512-Ma4PwyLfOWZWayfEsNQzTDBVW8PZ6TUUN1uFTBQbF2Chv/+sjenE86lpiEwj2FiviSmSZ4Ap4MaAfl1ciF4aSA==}
    cpu: [arm64]
    os: [win32]

  '@rollup/rollup-win32-ia32-msvc@4.16.4':
    resolution: {integrity: sha512-9m/ZDrQsdo/c06uOlP3W9G2ENRVzgzbSXmXHT4hwVaDQhYcRpi9bgBT0FTG9OhESxwK0WjQxYOSfv40cU+T69w==}
    cpu: [ia32]
    os: [win32]

  '@rollup/rollup-win32-x64-msvc@4.16.4':
    resolution: {integrity: sha512-YunpoOAyGLDseanENHmbFvQSfVL5BxW3k7hhy0eN4rb3gS/ct75dVD0EXOWIqFT/nE8XYW6LP6vz6ctKRi0k9A==}
    cpu: [x64]
    os: [win32]

  '@types/estree@1.0.5':
    resolution: {integrity: sha512-/kYRxGDLWzHOB7q+wtSUQlFrtcdUccpfy+X+9iMBpHK8QLLhx2wIPYuS5DYtR9Wa/YlZAbIovy7qVdB1Aq6Lyw==}

  '@types/katex@0.16.7':
    resolution: {integrity: sha512-HMwFiRujE5PjrgwHQ25+bsLJgowjGjm5Z8FVSf0N6PwgJrwxH0QxzHYDcKsTfV3wva0vzrpqMTJS2jXPr5BMEQ==}

  '@types/lodash-es@4.17.12':
    resolution: {integrity: sha512-0NgftHUcV4v34VhXm8QBSftKVXtbkBG3ViCjs6+eJ5a6y6Mi/jiFGPc1sC7QK+9BFhWrURE3EOggmWaSxL9OzQ==}

  '@types/lodash@4.17.0':
    resolution: {integrity: sha512-t7dhREVv6dbNj0q17X12j7yDG4bD/DHYX7o5/DbDxobP0HnGPgpRz2Ej77aL7TZT3DSw13fqUTj8J4mMnqa7WA==}

  '@types/web-bluetooth@0.0.20':
    resolution: {integrity: sha512-g9gZnnXVq7gM7v3tJCWV/qw7w+KeOlSHAhgF9RytFyifW6AF61hdT2ucrYhPq9hLs5JIryeupHV3qGk95dH9ow==}

  '@vitejs/plugin-vue@5.0.4':
    resolution: {integrity: sha512-WS3hevEszI6CEVEx28F8RjTX97k3KsrcY6kvTg7+Whm5y3oYvcqzVeGCU3hxSAn4uY2CLCkeokkGKpoctccilQ==}
    engines: {node: ^18.0.0 || >=20.0.0}
    peerDependencies:
      vite: ^5.0.0
      vue: ^3.2.25

  '@vue/compiler-core@3.4.25':
    resolution: {integrity: sha512-Y2pLLopaElgWnMNolgG8w3C5nNUVev80L7hdQ5iIKPtMJvhVpG0zhnBG/g3UajJmZdvW0fktyZTotEHD1Srhbg==}

  '@vue/compiler-dom@3.4.25':
    resolution: {integrity: sha512-Ugz5DusW57+HjllAugLci19NsDK+VyjGvmbB2TXaTcSlQxwL++2PETHx/+Qv6qFwNLzSt7HKepPe4DcTE3pBWg==}

  '@vue/compiler-sfc@3.4.25':
    resolution: {integrity: sha512-m7rryuqzIoQpOBZ18wKyq05IwL6qEpZxFZfRxlNYuIPDqywrXQxgUwLXIvoU72gs6cRdY6wHD0WVZIFE4OEaAQ==}

  '@vue/compiler-ssr@3.4.25':
    resolution: {integrity: sha512-H2ohvM/Pf6LelGxDBnfbbXFPyM4NE3hrw0e/EpwuSiYu8c819wx+SVGdJ65p/sFrYDd6OnSDxN1MB2mN07hRSQ==}

  '@vue/devtools-api@6.6.1':
    resolution: {integrity: sha512-LgPscpE3Vs0x96PzSSB4IGVSZXZBZHpfxs+ZA1d+VEPwHdOXowy/Y2CsvCAIFrf+ssVU1pD1jidj505EpUnfbA==}

  '@vue/reactivity@3.4.25':
    resolution: {integrity: sha512-mKbEtKr1iTxZkAG3vm3BtKHAOhuI4zzsVcN0epDldU/THsrvfXRKzq+lZnjczZGnTdh3ojd86/WrP+u9M51pWQ==}

  '@vue/runtime-core@3.4.25':
    resolution: {integrity: sha512-3qhsTqbEh8BMH3pXf009epCI5E7bKu28fJLi9O6W+ZGt/6xgSfMuGPqa5HRbUxLoehTNp5uWvzCr60KuiRIL0Q==}

  '@vue/runtime-dom@3.4.25':
    resolution: {integrity: sha512-ode0sj77kuwXwSc+2Yhk8JMHZh1sZp9F/51wdBiz3KGaWltbKtdihlJFhQG4H6AY+A06zzeMLkq6qu8uDSsaoA==}

  '@vue/server-renderer@3.4.25':
    resolution: {integrity: sha512-8VTwq0Zcu3K4dWV0jOwIVINESE/gha3ifYCOKEhxOj6MEl5K5y8J8clQncTcDhKF+9U765nRw4UdUEXvrGhyVQ==}
    peerDependencies:
      vue: 3.4.25

  '@vue/shared@3.4.25':
    resolution: {integrity: sha512-k0yappJ77g2+KNrIaF0FFnzwLvUBLUYr8VOwz+/6vLsmItFp51AcxLL7Ey3iPd7BIRyWPOcqUjMnm7OkahXllA==}

  '@vueuse/core@10.9.0':
    resolution: {integrity: sha512-/1vjTol8SXnx6xewDEKfS0Ra//ncg4Hb0DaZiwKf7drgfMsKFExQ+FnnENcN6efPen+1kIzhLQoGSy0eDUVOMg==}

  '@vueuse/metadata@10.9.0':
    resolution: {integrity: sha512-iddNbg3yZM0X7qFY2sAotomgdHK7YJ6sKUvQqbvwnf7TmaVPxS4EJydcNsVejNdS8iWCtDk+fYXr7E32nyTnGA==}

  '@vueuse/shared@10.9.0':
    resolution: {integrity: sha512-Uud2IWncmAfJvRaFYzv5OHDli+FbOzxiVEQdLCKQKLyhz94PIyFC3CHcH7EDMwIn8NPtD06+PNbC/PiO0LGLtw==}

  anymatch@3.1.3:
    resolution: {integrity: sha512-KMReFUr0B4t+D+OBkjR3KYqvocp2XaSzO55UcB6mgQMd3KbcE+mWTyvVV7D/zsdEbNnV6acZUutkiHQXvTr1Rw==}
    engines: {node: '>= 8'}

  async-validator@4.2.5:
    resolution: {integrity: sha512-7HhHjtERjqlNbZtqNqy2rckN/SpOOlmDliet+lP7k+eKZEjPk3DgyeU9lIXLdeLz0uBbbVp+9Qdow9wJWgwwfg==}

  binary-extensions@2.3.0:
    resolution: {integrity: sha512-Ceh+7ox5qe7LJuLHoY0feh3pHuUDHAcRUeyL2VYghZwfpkNIy/+8Ocg0a3UuSoYzavmylwuLWQOf3hl0jjMMIw==}
    engines: {node: '>=8'}

  braces@3.0.2:
    resolution: {integrity: sha512-b8um+L1RzM3WDSzvhm6gIz1yfTbBt6YTlcEKAvsmqCZZFw46z626lVj9j1yEPW33H5H+lBQpZMP1k8l+78Ha0A==}
    engines: {node: '>=8'}

  chokidar@3.6.0:
    resolution: {integrity: sha512-7VT13fmjotKpGipCW9JEQAusEPE+Ei8nl6/g4FBAmIm0GOOLMua9NDDo/DWp0ZAxCr3cPq5ZpBqmPAQgDda2Pw==}
    engines: {node: '>= 8.10.0'}

  css-render@0.15.12:
    resolution: {integrity: sha512-eWzS66patiGkTTik+ipO9qNGZ+uNuGyTmnz6/+EJIiFg8+3yZRpnMwgFo8YdXhQRsiePzehnusrxVvugNjXzbw==}

  csstype@3.0.11:
    resolution: {integrity: sha512-sa6P2wJ+CAbgyy4KFssIb/JNMLxFvKF1pCYCSXS8ZMuqZnMsrxqI2E5sPyoTpxoPU/gVZMzr2zjOfg8GIZOMsw==}

  csstype@3.1.3:
    resolution: {integrity: sha512-M1uQkMl8rQK/szD0LNhtqxIPLpimGm8sOBwU7lLnCpSbTyY3yeU1Vc7l4KT5zT4s/yOxHH5O7tIuuLOCnLADRw==}

  date-fns-tz@2.0.1:
    resolution: {integrity: sha512-fJCG3Pwx8HUoLhkepdsP7Z5RsucUi+ZBOxyM5d0ZZ6c4SdYustq0VMmOu6Wf7bli+yS/Jwp91TOCqn9jMcVrUA==}
    peerDependencies:
      date-fns: 2.x

  date-fns@2.30.0:
    resolution: {integrity: sha512-fnULvOpxnC5/Vg3NCiWelDsLiUc9bRwAPs/+LfTLNvetFCtCTN+yQz15C/fs4AwX1R9K5GLtLfn8QW+dWisaAw==}
    engines: {node: '>=0.11'}

  entities@4.5.0:
    resolution: {integrity: sha512-V0hjH4dGPh9Ao5p0MoRY6BVqtwCjhz6vI5LT8AJ55H+4g9/4vbHx1I54fS0XuclLhDHArPQCiMjDxjaL8fPxhw==}
    engines: {node: '>=0.12'}

  esbuild@0.20.2:
    resolution: {integrity: sha512-WdOOppmUNU+IbZ0PaDiTst80zjnrOkyJNHoKupIcVyU8Lvla3Ugx94VzkQ32Ijqd7UhHJy75gNWDMUekcrSJ6g==}
    engines: {node: '>=12'}
    hasBin: true

  estree-walker@2.0.2:
    resolution: {integrity: sha512-Rfkk/Mp/DL7JVje3u18FxFujQlTNR2q6QfMSMB7AvCBx91NGj/ba3kCfza0f6dVDbw7YlRf/nDrn7pQrCCyQ/w==}

  evtd@0.2.4:
    resolution: {integrity: sha512-qaeGN5bx63s/AXgQo8gj6fBkxge+OoLddLniox5qtLAEY5HSnuSlISXVPxnSae1dWblvTh4/HoMIB+mbMsvZzw==}

  fill-range@7.0.1:
    resolution: {integrity: sha512-qOo9F+dMUmC2Lcb4BbVvnKJxTPjCm+RRpe4gDuGrzkL7mEVl/djYSu2OdQ2Pa302N4oqkSg9ir6jaLWJ2USVpQ==}
    engines: {node: '>=8'}

  fsevents@2.3.3:
    resolution: {integrity: sha512-5xoDfX+fL7faATnagmWPpbFtwh/R77WmMMqqHGS65C3vvB0YHrgF+B1YmZ3441tMj5n63k0212XNoJwzlhffQw==}
    engines: {node: ^8.16.0 || ^10.6.0 || >=11.0.0}
    os: [darwin]

  glob-parent@5.1.2:
    resolution: {integrity: sha512-AOIgSQCepiJYwP3ARnGx+5VnTu2HBYdzbGP45eLw1vr3zB3vZLeyed1sC9hnbcOc9/SrMyM5RPQrkGz4aS9Zow==}
    engines: {node: '>= 6'}

  highlight.js@11.9.0:
    resolution: {integrity: sha512-fJ7cW7fQGCYAkgv4CPfwFHrfd/cLS4Hau96JuJ+ZTOWhjnhoeN1ub1tFmALm/+lW5z4WCAuAV9bm05AP0mS6Gw==}
    engines: {node: '>=12.0.0'}

  immutable@4.3.5:
    resolution: {integrity: sha512-8eabxkth9gZatlwl5TBuJnCsoTADlL6ftEr7A4qgdaTsPyreilDSnUk57SO+jfKcNtxPa22U5KK6DSeAYhpBJw==}

  is-binary-path@2.1.0:
    resolution: {integrity: sha512-ZMERYes6pDydyuGidse7OsHxtbI7WVeUEozgR/g7rd0xUimYNlvZRE/K2MgZTjWy725IfelLeVcEM97mmtRGXw==}
    engines: {node: '>=8'}

  is-extglob@2.1.1:
    resolution: {integrity: sha512-SbKbANkN603Vi4jEZv49LeVJMn4yGwsbzZworEoyEiutsN3nJYdbO36zfhGJ6QEDpOZIFkDtnq5JRxmvl3jsoQ==}
    engines: {node: '>=0.10.0'}

  is-glob@4.0.3:
    resolution: {integrity: sha512-xelSayHH36ZgE7ZWhli7pW34hNbNl8Ojv5KVmkJD4hBdD3th8Tfk9vYasLM+mXWOZhFkgZfxhLSnrwRr4elSSg==}
    engines: {node: '>=0.10.0'}

  is-number@7.0.0:
    resolution: {integrity: sha512-41Cifkg6e8TylSpdtTpeLVMqvSBEVzTttHvERD741+pnZ8ANv0004MRL43QKPDlK9cGvNp6NZWZUBlbGXYxxng==}
    engines: {node: '>=0.12.0'}

  lodash-es@4.17.21:
    resolution: {integrity: sha512-mKnC+QJ9pWVzv+C4/U3rRsHapFfHvQFoFB92e52xeyGMcX6/OlIl78je1u8vePzYZSkkogMPJ2yjxxsb89cxyw==}

  lodash@4.17.21:
    resolution: {integrity: sha512-v2kDEe57lecTulaDIuNTPy3Ry4gLGJ6Z1O3vE1krgXZNrsQ+LFTGHVxVjcXPs17LhbZVGedAJv8XZ1tvj5FvSg==}

  magic-string@0.30.10:
    resolution: {integrity: sha512-iIRwTIf0QKV3UAnYK4PU8uiEc4SRh5jX0mwpIwETPpHdhVM4f53RSwS/vXvN1JhGX+Cs7B8qIq3d6AH49O5fAQ==}

  naive-ui@2.38.1:
    resolution: {integrity: sha512-AnU1FQ7K/CbhguAX++V4kCFjk7h7RvWt4nvZPRjORMpq+fUIlzD+EcQ5Cv1VqDloNF8+eMv4Akc2Ogacc9S+5A==}
    peerDependencies:
      vue: ^3.0.0

  nanoid@3.3.7:
    resolution: {integrity: sha512-eSRppjcPIatRIMC1U6UngP8XFcz8MQWGQdt1MTBQ7NaAmvXDfvNxbvWV3x2y6CdEUciCSsDHDQZbhYaB8QEo2g==}
    engines: {node: ^10 || ^12 || ^13.7 || ^14 || >=15.0.1}
    hasBin: true

  normalize-path@3.0.0:
    resolution: {integrity: sha512-6eZs5Ls3WtCisHWp9S2GUy8dqkpGi4BVSz3GaqiE6ezub0512ESztXUwUB6C6IKbQkY2Pnb/mD4WYojCRwcwLA==}
    engines: {node: '>=0.10.0'}

  picocolors@1.0.0:
    resolution: {integrity: sha512-1fygroTLlHu66zi26VoTDv8yRgm0Fccecssto+MhsZ0D/DGW2sm8E8AjW7NU5VVTRt5GxbeZ5qBuJr+HyLYkjQ==}

  picomatch@2.3.1:
    resolution: {integrity: sha512-JU3teHTNjmE2VCGFzuY8EXzCDVwEqB2a8fsIvwaStHhAWJEeVd1o1QD80CU6+ZdEXXSLbSsuLwJjkCBWqRQUVA==}
    engines: {node: '>=8.6'}

  pinia-plugin-persistedstate@3.2.1:
    resolution: {integrity: sha512-MK++8LRUsGF7r45PjBFES82ISnPzyO6IZx3CH5vyPseFLZCk1g2kgx6l/nW8pEBKxxd4do0P6bJw+mUSZIEZUQ==}
    peerDependencies:
      pinia: ^2.0.0

  pinia@2.1.7:
    resolution: {integrity: sha512-+C2AHFtcFqjPih0zpYuvof37SFxMQ7OEG2zV9jRI12i9BOy3YQVAHwdKtyyc8pDcDyIc33WCIsZaCFWU7WWxGQ==}
    peerDependencies:
      '@vue/composition-api': ^1.4.0
      typescript: '>=4.4.4'
      vue: ^2.6.14 || ^3.3.0
    peerDependenciesMeta:
      '@vue/composition-api':
        optional: true
      typescript:
        optional: true

  postcss@8.4.38:
    resolution: {integrity: sha512-Wglpdk03BSfXkHoQa3b/oulrotAkwrlLDRSOb9D0bN86FdRyE9lppSp33aHNPgBa0JKCoB+drFLZkQoRRYae5A==}
    engines: {node: ^10 || ^12 || >=14}

  readdirp@3.6.0:
    resolution: {integrity: sha512-hOS089on8RduqdbhvQ5Z37A0ESjsqz6qnRcffsMU3495FuTdqSm+7bhJ29JvIOsBDEEnan5DPu9t3To9VRlMzA==}
    engines: {node: '>=8.10.0'}

  regenerator-runtime@0.14.1:
    resolution: {integrity: sha512-dYnhHh0nJoMfnkZs6GmmhFknAGRrLznOu5nc9ML+EJxGvrx6H7teuevqVqCuPcPK//3eDrrjQhehXVx9cnkGdw==}

  rollup@4.16.4:
    resolution: {integrity: sha512-kuaTJSUbz+Wsb2ATGvEknkI12XV40vIiHmLuFlejoo7HtDok/O5eDDD0UpCVY5bBX5U5RYo8wWP83H7ZsqVEnA==}
    engines: {node: '>=18.0.0', npm: '>=8.0.0'}
    hasBin: true

  sass@1.75.0:
    resolution: {integrity: sha512-ShMYi3WkrDWxExyxSZPst4/okE9ts46xZmJDSawJQrnte7M1V9fScVB+uNXOVKRBt0PggHOwoZcn8mYX4trnBw==}
    engines: {node: '>=14.0.0'}
    hasBin: true

  seemly@0.3.8:
    resolution: {integrity: sha512-MW8Qs6vbzo0pHmDpFSYPna+lwpZ6Zk1ancbajw/7E8TKtHdV+1DfZZD+kKJEhG/cAoB/i+LiT+5msZOqj0DwRA==}

  source-map-js@1.2.0:
    resolution: {integrity: sha512-itJW8lvSA0TXEphiRoawsCksnlf8SyvmFzIhltqAHluXd88pkCd+cXJVHTDwdCr0IzwptSm035IHQktUu1QUMg==}
    engines: {node: '>=0.10.0'}

  to-fast-properties@2.0.0:
    resolution: {integrity: sha512-/OaKK0xYrs3DmxRYqL/yDc+FxFUVYhDlXMhRmv3z915w2HF1tnN1omB354j8VUGO/hbRzyD6Y3sA7v7GS/ceog==}
    engines: {node: '>=4'}

  to-regex-range@5.0.1:
    resolution: {integrity: sha512-65P7iz6X5yEr1cwcgvQxbbIw7Uk3gOy5dIdtZ4rDveLqhrdJP+Li/Hx6tyK0NEb+2GCyneCMJiGqrADCSNk8sQ==}
    engines: {node: '>=8.0'}

  treemate@0.3.11:
    resolution: {integrity: sha512-M8RGFoKtZ8dF+iwJfAJTOH/SM4KluKOKRJpjCMhI8bG3qB74zrFoArKZ62ll0Fr3mqkMJiQOmWYkdYgDeITYQg==}

  vdirs@0.1.8:
    resolution: {integrity: sha512-H9V1zGRLQZg9b+GdMk8MXDN2Lva0zx72MPahDKc30v+DtwKjfyOSXWRIX4t2mhDubM1H09gPhWeth/BJWPHGUw==}
    peerDependencies:
      vue: ^3.0.11

  vite@5.2.10:
    resolution: {integrity: sha512-PAzgUZbP7msvQvqdSD+ErD5qGnSFiGOoWmV5yAKUEI0kdhjbH6nMWVyZQC/hSc4aXwc0oJ9aEdIiF9Oje0JFCw==}
    engines: {node: ^18.0.0 || >=20.0.0}
    hasBin: true
    peerDependencies:
      '@types/node': ^18.0.0 || >=20.0.0
      less: '*'
      lightningcss: ^1.21.0
      sass: '*'
      stylus: '*'
      sugarss: '*'
      terser: ^5.4.0
    peerDependenciesMeta:
      '@types/node':
        optional: true
      less:
        optional: true
      lightningcss:
        optional: true
      sass:
        optional: true
      stylus:
        optional: true
      sugarss:
        optional: true
      terser:
        optional: true

  vooks@0.2.12:
    resolution: {integrity: sha512-iox0I3RZzxtKlcgYaStQYKEzWWGAduMmq+jS7OrNdQo1FgGfPMubGL3uGHOU9n97NIvfFDBGnpSvkWyb/NSn/Q==}
    peerDependencies:
      vue: ^3.0.0

  vue-demi@0.14.7:
    resolution: {integrity: sha512-EOG8KXDQNwkJILkx/gPcoL/7vH+hORoBaKgGe+6W7VFMvCYJfmF2dGbvgDroVnI8LU7/kTu8mbjRZGBU1z9NTA==}
    engines: {node: '>=12'}
    hasBin: true
    peerDependencies:
      '@vue/composition-api': ^1.0.0-rc.1
      vue: ^3.0.0-0 || ^2.6.0
    peerDependenciesMeta:
      '@vue/composition-api':
        optional: true

  vue@3.4.25:
    resolution: {integrity: sha512-HWyDqoBHMgav/OKiYA2ZQg+kjfMgLt/T0vg4cbIF7JbXAjDexRf5JRg+PWAfrAkSmTd2I8aPSXtooBFWHB98cg==}
    peerDependencies:
      typescript: '*'
    peerDependenciesMeta:
      typescript:
        optional: true

  vueuc@0.4.58:
    resolution: {integrity: sha512-Wnj/N8WbPRSxSt+9ji1jtDHPzda5h2OH/0sFBhvdxDRuyCZbjGg3/cKMaKqEoe+dErTexG2R+i6Q8S/Toq1MYg==}
    peerDependencies:
      vue: ^3.0.11

snapshots:

  '@babel/helper-string-parser@7.24.1': {}

  '@babel/helper-validator-identifier@7.22.20': {}

  '@babel/parser@7.24.4':
    dependencies:
      '@babel/types': 7.24.0

  '@babel/runtime@7.24.4':
    dependencies:
      regenerator-runtime: 0.14.1

  '@babel/types@7.24.0':
    dependencies:
      '@babel/helper-string-parser': 7.24.1
      '@babel/helper-validator-identifier': 7.22.20
      to-fast-properties: 2.0.0

  '@css-render/plugin-bem@0.15.12(css-render@0.15.12)':
    dependencies:
      css-render: 0.15.12

  '@css-render/vue3-ssr@0.15.12(vue@3.4.25)':
    dependencies:
      vue: 3.4.25

  '@emotion/hash@0.8.0': {}

  '@esbuild/aix-ppc64@0.20.2':
    optional: true

  '@esbuild/android-arm64@0.20.2':
    optional: true

  '@esbuild/android-arm@0.20.2':
    optional: true

  '@esbuild/android-x64@0.20.2':
    optional: true

  '@esbuild/darwin-arm64@0.20.2':
    optional: true

  '@esbuild/darwin-x64@0.20.2':
    optional: true

  '@esbuild/freebsd-arm64@0.20.2':
    optional: true

  '@esbuild/freebsd-x64@0.20.2':
    optional: true

  '@esbuild/linux-arm64@0.20.2':
    optional: true

  '@esbuild/linux-arm@0.20.2':
    optional: true

  '@esbuild/linux-ia32@0.20.2':
    optional: true

  '@esbuild/linux-loong64@0.20.2':
    optional: true

  '@esbuild/linux-mips64el@0.20.2':
    optional: true

  '@esbuild/linux-ppc64@0.20.2':
    optional: true

  '@esbuild/linux-riscv64@0.20.2':
    optional: true

  '@esbuild/linux-s390x@0.20.2':
    optional: true

  '@esbuild/linux-x64@0.20.2':
    optional: true

  '@esbuild/netbsd-x64@0.20.2':
    optional: true

  '@esbuild/openbsd-x64@0.20.2':
    optional: true

  '@esbuild/sunos-x64@0.20.2':
    optional: true

  '@esbuild/win32-arm64@0.20.2':
    optional: true

  '@esbuild/win32-ia32@0.20.2':
    optional: true

  '@esbuild/win32-x64@0.20.2':
    optional: true

  '@jridgewell/sourcemap-codec@1.4.15': {}

  '@juggle/resize-observer@3.4.0': {}

  '@rollup/rollup-android-arm-eabi@4.16.4':
    optional: true

  '@rollup/rollup-android-arm64@4.16.4':
    optional: true

  '@rollup/rollup-darwin-arm64@4.16.4':
    optional: true

  '@rollup/rollup-darwin-x64@4.16.4':
    optional: true

  '@rollup/rollup-linux-arm-gnueabihf@4.16.4':
    optional: true

  '@rollup/rollup-linux-arm-musleabihf@4.16.4':
    optional: true

  '@rollup/rollup-linux-arm64-gnu@4.16.4':
    optional: true

  '@rollup/rollup-linux-arm64-musl@4.16.4':
    optional: true

  '@rollup/rollup-linux-powerpc64le-gnu@4.16.4':
    optional: true

  '@rollup/rollup-linux-riscv64-gnu@4.16.4':
    optional: true

  '@rollup/rollup-linux-s390x-gnu@4.16.4':
    optional: true

  '@rollup/rollup-linux-x64-gnu@4.16.4':
    optional: true

  '@rollup/rollup-linux-x64-musl@4.16.4':
    optional: true

  '@rollup/rollup-win32-arm64-msvc@4.16.4':
    optional: true

  '@rollup/rollup-win32-ia32-msvc@4.16.4':
    optional: true

  '@rollup/rollup-win32-x64-msvc@4.16.4':
    optional: true

  '@types/estree@1.0.5': {}

  '@types/katex@0.16.7': {}

  '@types/lodash-es@4.17.12':
    dependencies:
      '@types/lodash': 4.17.0

  '@types/lodash@4.17.0': {}

  '@types/web-bluetooth@0.0.20': {}

  '@vitejs/plugin-vue@5.0.4(vite@5.2.10(sass@1.75.0))(vue@3.4.25)':
    dependencies:
      vite: 5.2.10(sass@1.75.0)
      vue: 3.4.25

  '@vue/compiler-core@3.4.25':
    dependencies:
      '@babel/parser': 7.24.4
      '@vue/shared': 3.4.25
      entities: 4.5.0
      estree-walker: 2.0.2
      source-map-js: 1.2.0

  '@vue/compiler-dom@3.4.25':
    dependencies:
      '@vue/compiler-core': 3.4.25
      '@vue/shared': 3.4.25

  '@vue/compiler-sfc@3.4.25':
    dependencies:
      '@babel/parser': 7.24.4
      '@vue/compiler-core': 3.4.25
      '@vue/compiler-dom': 3.4.25
      '@vue/compiler-ssr': 3.4.25
      '@vue/shared': 3.4.25
      estree-walker: 2.0.2
      magic-string: 0.30.10
      postcss: 8.4.38
      source-map-js: 1.2.0

  '@vue/compiler-ssr@3.4.25':
    dependencies:
      '@vue/compiler-dom': 3.4.25
      '@vue/shared': 3.4.25

  '@vue/devtools-api@6.6.1': {}

  '@vue/reactivity@3.4.25':
    dependencies:
      '@vue/shared': 3.4.25

  '@vue/runtime-core@3.4.25':
    dependencies:
      '@vue/reactivity': 3.4.25
      '@vue/shared': 3.4.25

  '@vue/runtime-dom@3.4.25':
    dependencies:
      '@vue/runtime-core': 3.4.25
      '@vue/shared': 3.4.25
      csstype: 3.1.3

  '@vue/server-renderer@3.4.25(vue@3.4.25)':
    dependencies:
      '@vue/compiler-ssr': 3.4.25
      '@vue/shared': 3.4.25
      vue: 3.4.25

  '@vue/shared@3.4.25': {}

  '@vueuse/core@10.9.0(vue@3.4.25)':
    dependencies:
      '@types/web-bluetooth': 0.0.20
      '@vueuse/metadata': 10.9.0
      '@vueuse/shared': 10.9.0(vue@3.4.25)
      vue-demi: 0.14.7(vue@3.4.25)
    transitivePeerDependencies:
      - '@vue/composition-api'
      - vue

  '@vueuse/metadata@10.9.0': {}

  '@vueuse/shared@10.9.0(vue@3.4.25)':
    dependencies:
      vue-demi: 0.14.7(vue@3.4.25)
    transitivePeerDependencies:
      - '@vue/composition-api'
      - vue

  anymatch@3.1.3:
    dependencies:
      normalize-path: 3.0.0
      picomatch: 2.3.1

  async-validator@4.2.5: {}

  binary-extensions@2.3.0: {}

  braces@3.0.2:
    dependencies:
      fill-range: 7.0.1

  chokidar@3.6.0:
    dependencies:
      anymatch: 3.1.3
      braces: 3.0.2
      glob-parent: 5.1.2
      is-binary-path: 2.1.0
      is-glob: 4.0.3
      normalize-path: 3.0.0
      readdirp: 3.6.0
    optionalDependencies:
      fsevents: 2.3.3

  css-render@0.15.12:
    dependencies:
      '@emotion/hash': 0.8.0
      csstype: 3.0.11

  csstype@3.0.11: {}

  csstype@3.1.3: {}

  date-fns-tz@2.0.1(date-fns@2.30.0):
    dependencies:
      date-fns: 2.30.0

  date-fns@2.30.0:
    dependencies:
      '@babel/runtime': 7.24.4

  entities@4.5.0: {}

  esbuild@0.20.2:
    optionalDependencies:
      '@esbuild/aix-ppc64': 0.20.2
      '@esbuild/android-arm': 0.20.2
      '@esbuild/android-arm64': 0.20.2
      '@esbuild/android-x64': 0.20.2
      '@esbuild/darwin-arm64': 0.20.2
      '@esbuild/darwin-x64': 0.20.2
      '@esbuild/freebsd-arm64': 0.20.2
      '@esbuild/freebsd-x64': 0.20.2
      '@esbuild/linux-arm': 0.20.2
      '@esbuild/linux-arm64': 0.20.2
      '@esbuild/linux-ia32': 0.20.2
      '@esbuild/linux-loong64': 0.20.2
      '@esbuild/linux-mips64el': 0.20.2
      '@esbuild/linux-ppc64': 0.20.2
      '@esbuild/linux-riscv64': 0.20.2
      '@esbuild/linux-s390x': 0.20.2
      '@esbuild/linux-x64': 0.20.2
      '@esbuild/netbsd-x64': 0.20.2
      '@esbuild/openbsd-x64': 0.20.2
      '@esbuild/sunos-x64': 0.20.2
      '@esbuild/win32-arm64': 0.20.2
      '@esbuild/win32-ia32': 0.20.2
      '@esbuild/win32-x64': 0.20.2

  estree-walker@2.0.2: {}

  evtd@0.2.4: {}

  fill-range@7.0.1:
    dependencies:
      to-regex-range: 5.0.1

  fsevents@2.3.3:
    optional: true

  glob-parent@5.1.2:
    dependencies:
      is-glob: 4.0.3

  highlight.js@11.9.0: {}

  immutable@4.3.5: {}

  is-binary-path@2.1.0:
    dependencies:
      binary-extensions: 2.3.0

  is-extglob@2.1.1: {}

  is-glob@4.0.3:
    dependencies:
      is-extglob: 2.1.1

  is-number@7.0.0: {}

  lodash-es@4.17.21: {}

  lodash@4.17.21: {}

  magic-string@0.30.10:
    dependencies:
      '@jridgewell/sourcemap-codec': 1.4.15

  naive-ui@2.38.1(vue@3.4.25):
    dependencies:
      '@css-render/plugin-bem': 0.15.12(css-render@0.15.12)
      '@css-render/vue3-ssr': 0.15.12(vue@3.4.25)
      '@types/katex': 0.16.7
      '@types/lodash': 4.17.0
      '@types/lodash-es': 4.17.12
      async-validator: 4.2.5
      css-render: 0.15.12
      csstype: 3.1.3
      date-fns: 2.30.0
      date-fns-tz: 2.0.1(date-fns@2.30.0)
      evtd: 0.2.4
      highlight.js: 11.9.0
      lodash: 4.17.21
      lodash-es: 4.17.21
      seemly: 0.3.8
      treemate: 0.3.11
      vdirs: 0.1.8(vue@3.4.25)
      vooks: 0.2.12(vue@3.4.25)
      vue: 3.4.25
      vueuc: 0.4.58(vue@3.4.25)

  nanoid@3.3.7: {}

  normalize-path@3.0.0: {}

  picocolors@1.0.0: {}

  picomatch@2.3.1: {}

  pinia-plugin-persistedstate@3.2.1(pinia@2.1.7(vue@3.4.25)):
    dependencies:
      pinia: 2.1.7(vue@3.4.25)

  pinia@2.1.7(vue@3.4.25):
    dependencies:
      '@vue/devtools-api': 6.6.1
      vue: 3.4.25
      vue-demi: 0.14.7(vue@3.4.25)

  postcss@8.4.38:
    dependencies:
      nanoid: 3.3.7
      picocolors: 1.0.0
      source-map-js: 1.2.0

  readdirp@3.6.0:
    dependencies:
      picomatch: 2.3.1

  regenerator-runtime@0.14.1: {}

  rollup@4.16.4:
    dependencies:
      '@types/estree': 1.0.5
    optionalDependencies:
      '@rollup/rollup-android-arm-eabi': 4.16.4
      '@rollup/rollup-android-arm64': 4.16.4
      '@rollup/rollup-darwin-arm64': 4.16.4
      '@rollup/rollup-darwin-x64': 4.16.4
      '@rollup/rollup-linux-arm-gnueabihf': 4.16.4
      '@rollup/rollup-linux-arm-musleabihf': 4.16.4
      '@rollup/rollup-linux-arm64-gnu': 4.16.4
      '@rollup/rollup-linux-arm64-musl': 4.16.4
      '@rollup/rollup-linux-powerpc64le-gnu': 4.16.4
      '@rollup/rollup-linux-riscv64-gnu': 4.16.4
      '@rollup/rollup-linux-s390x-gnu': 4.16.4
      '@rollup/rollup-linux-x64-gnu': 4.16.4
      '@rollup/rollup-linux-x64-musl': 4.16.4
      '@rollup/rollup-win32-arm64-msvc': 4.16.4
      '@rollup/rollup-win32-ia32-msvc': 4.16.4
      '@rollup/rollup-win32-x64-msvc': 4.16.4
      fsevents: 2.3.3

  sass@1.75.0:
    dependencies:
      chokidar: 3.6.0
      immutable: 4.3.5
      source-map-js: 1.2.0

  seemly@0.3.8: {}

  source-map-js@1.2.0: {}

  to-fast-properties@2.0.0: {}

  to-regex-range@5.0.1:
    dependencies:
      is-number: 7.0.0

  treemate@0.3.11: {}

  vdirs@0.1.8(vue@3.4.25):
    dependencies:
      evtd: 0.2.4
      vue: 3.4.25

  vite@5.2.10(sass@1.75.0):
    dependencies:
      esbuild: 0.20.2
      postcss: 8.4.38
      rollup: 4.16.4
    optionalDependencies:
      fsevents: 2.3.3
      sass: 1.75.0

  vooks@0.2.12(vue@3.4.25):
    dependencies:
      evtd: 0.2.4
      vue: 3.4.25

  vue-demi@0.14.7(vue@3.4.25):
    dependencies:
      vue: 3.4.25

  vue@3.4.25:
    dependencies:
      '@vue/compiler-dom': 3.4.25
      '@vue/compiler-sfc': 3.4.25
      '@vue/runtime-dom': 3.4.25
      '@vue/server-renderer': 3.4.25(vue@3.4.25)
      '@vue/shared': 3.4.25

  vueuc@0.4.58(vue@3.4.25):
    dependencies:
      '@css-render/vue3-ssr': 0.15.12(vue@3.4.25)
      '@juggle/resize-observer': 3.4.0
      css-render: 0.15.12
      evtd: 0.2.4
      seemly: 0.3.8
      vdirs: 0.1.8(vue@3.4.25)
      vooks: 0.2.12(vue@3.4.25)
      vue: 3.4.25
